
Microsoft Visual Studio Solution File, Format Version 12.00
# Visual Studio Version 17
VisualStudioVersion = 17.0.31717.71
MinimumVisualStudioVersion = 10.0.40219.1
Project("{FAE04EC0-301F-11D3-BF4B-00C04F79EFBC}") = "ConsoleApp197", "ConsoleApp197\ConsoleApp197.csproj", "{169CAE50-5F5B-428E-BD79-C2BE1248EF72}"
EndProject
Project("{FAE04EC0-301F-11D3-BF4B-00C04F79EFBC}") = "WebApplication1", "WebApplication1\WebApplication1.csproj", "{061C31D2-EFBC-4A8F-9485-8E887CB15348}"
EndProject
Project("{FAE04EC0-301F-11D3-BF4B-00C04F79EFBC}") = "AspNetCore_3.1", "AspNetCore_3.1\AspNetCore_3.1.csproj", "{4D9302C8-26EE-4909-9E66-65CD33C44C60}"
EndProject
Project("{FAE04EC0-301F-11D3-BF4B-00C04F79EFBC}") = "Blazor_net6", "Blazor_net6\Blazor_net6.csproj", "{3FB03A55-5E4A-43F2-9BFA-CC0A3048A740}"
EndProject
Project("{FAE04EC0-301F-11D3-BF4B-00C04F79EFBC}") = "ConsoleApp_UseCompilersNuget", "ConsoleApp_UseCompilersNuget\ConsoleApp_UseCompilersNuget.csproj", "{82415138-9E3A-44BA-A7FA-D88A1E6D6E85}"
EndProject
Project("{9A19103F-16F7-4668-BE54-9A1E7A4F7556}") = "AllCode_net6", "AllCode_net6\AllCode_net6.csproj", "{E4DAB5CB-387E-4B92-A430-5BD0597A85BC}"
EndProject
Project("{9A19103F-16F7-4668-BE54-9A1E7A4F7556}") = "Wpf_net6_default_10", "Wpf_net6_default_10\Wpf_net6_default_10.csproj", "{6082CC08-95E2-411D-A95A-DBC0CDAC3EBB}"
EndProject
Project("{9A19103F-16F7-4668-BE54-9A1E7A4F7556}") = "WinForms_net5_default_9", "WinForms_net5_default_9\WinForms_net5_default_9.csproj", "{436A2CB5-B769-46D0-BF81-1585B2AF6670}"
EndProject
Project("{9A19103F-16F7-4668-BE54-9A1E7A4F7556}") = "Blazor_netstandard21_default_8", "Blazor_net3_default_8\Blazor_netstandard21_default_8.csproj", "{B1524CBC-C5C3-4B77-9C8F-E517860C1669}"
EndProject
Project("{FAE04EC0-301F-11D3-BF4B-00C04F79EFBC}") = "Web_core3_default_8", "Web_core3_default_8\Web_core3_default_8.csproj", "{FD898581-6FB9-43DC-AF32-CE8FF356A5DE}"
EndProject
Project("{FAE04EC0-301F-11D3-BF4B-00C04F79EFBC}") = "ClassLibrary_core2_default73", "ClassLibrary_core2_default73\ClassLibrary_core2_default73.csproj", "{41555B65-A87F-427C-B317-2C618C1AF177}"
EndProject
Project("{FAE04EC0-301F-11D3-BF4B-00C04F79EFBC}") = "ClassLibrary1_standard2_default_73", "ClassLibrary1_standard2_default_73\ClassLibrary1_standard2_default_73.csproj", "{1797F203-76CB-4DE8-95D7-548EBA2CC32A}"
EndProject
Project("{FAE04EC0-301F-11D3-BF4B-00C04F79EFBC}") = "UWP_default_73", "UWP\UWP_default_73.csproj", "{E7020C97-EB11-4C84-8D5B-24602150F59E}"
EndProject
Project("{FAE04EC0-301F-11D3-BF4B-00C04F79EFBC}") = "Web_framework462_default_73", "Web_framework462_default_73\Web_framework462_default_73.csproj", "{8737E41A-ACCF-4354-8328-620F89742AE7}"
EndProject
Global
	GlobalSection(SolutionConfigurationPlatforms) = preSolution
		Debug|Any CPU = Debug|Any CPU
		Debug|ARM = Debug|ARM
		Debug|ARM64 = Debug|ARM64
		Debug|x64 = Debug|x64
		Debug|x86 = Debug|x86
		Release|Any CPU = Release|Any CPU
		Release|ARM = Release|ARM
		Release|ARM64 = Release|ARM64
		Release|x64 = Release|x64
		Release|x86 = Release|x86
	EndGlobalSection
	GlobalSection(ProjectConfigurationPlatforms) = postSolution
		{169CAE50-5F5B-428E-BD79-C2BE1248EF72}.Debug|Any CPU.ActiveCfg = Debug|Any CPU
		{169CAE50-5F5B-428E-BD79-C2BE1248EF72}.Debug|Any CPU.Build.0 = Debug|Any CPU
		{169CAE50-5F5B-428E-BD79-C2BE1248EF72}.Debug|ARM.ActiveCfg = Debug|Any CPU
		{169CAE50-5F5B-428E-BD79-C2BE1248EF72}.Debug|ARM64.ActiveCfg = Debug|Any CPU
		{169CAE50-5F5B-428E-BD79-C2BE1248EF72}.Debug|x64.ActiveCfg = Debug|Any CPU
		{169CAE50-5F5B-428E-BD79-C2BE1248EF72}.Debug|x86.ActiveCfg = Debug|Any CPU
		{169CAE50-5F5B-428E-BD79-C2BE1248EF72}.Release|Any CPU.ActiveCfg = Release|Any CPU
		{169CAE50-5F5B-428E-BD79-C2BE1248EF72}.Release|Any CPU.Build.0 = Release|Any CPU
		{169CAE50-5F5B-428E-BD79-C2BE1248EF72}.Release|ARM.ActiveCfg = Release|Any CPU
		{169CAE50-5F5B-428E-BD79-C2BE1248EF72}.Release|ARM64.ActiveCfg = Release|Any CPU
		{169CAE50-5F5B-428E-BD79-C2BE1248EF72}.Release|x64.ActiveCfg = Release|Any CPU
		{169CAE50-5F5B-428E-BD79-C2BE1248EF72}.Release|x86.ActiveCfg = Release|Any CPU
		{061C31D2-EFBC-4A8F-9485-8E887CB15348}.Debug|Any CPU.ActiveCfg = Debug|Any CPU
		{061C31D2-EFBC-4A8F-9485-8E887CB15348}.Debug|Any CPU.Build.0 = Debug|Any CPU
		{061C31D2-EFBC-4A8F-9485-8E887CB15348}.Debug|ARM.ActiveCfg = Debug|Any CPU
		{061C31D2-EFBC-4A8F-9485-8E887CB15348}.Debug|ARM64.ActiveCfg = Debug|Any CPU
		{061C31D2-EFBC-4A8F-9485-8E887CB15348}.Debug|x64.ActiveCfg = Debug|Any CPU
		{061C31D2-EFBC-4A8F-9485-8E887CB15348}.Debug|x86.ActiveCfg = Debug|Any CPU
		{061C31D2-EFBC-4A8F-9485-8E887CB15348}.Release|Any CPU.ActiveCfg = Release|Any CPU
		{061C31D2-EFBC-4A8F-9485-8E887CB15348}.Release|Any CPU.Build.0 = Release|Any CPU
		{061C31D2-EFBC-4A8F-9485-8E887CB15348}.Release|ARM.ActiveCfg = Release|Any CPU
		{061C31D2-EFBC-4A8F-9485-8E887CB15348}.Release|ARM64.ActiveCfg = Release|Any CPU
		{061C31D2-EFBC-4A8F-9485-8E887CB15348}.Release|x64.ActiveCfg = Release|Any CPU
		{061C31D2-EFBC-4A8F-9485-8E887CB15348}.Release|x86.ActiveCfg = Release|Any CPU
		{4D9302C8-26EE-4909-9E66-65CD33C44C60}.Debug|Any CPU.ActiveCfg = Debug|Any CPU
		{4D9302C8-26EE-4909-9E66-65CD33C44C60}.Debug|Any CPU.Build.0 = Debug|Any CPU
		{4D9302C8-26EE-4909-9E66-65CD33C44C60}.Debug|ARM.ActiveCfg = Debug|Any CPU
		{4D9302C8-26EE-4909-9E66-65CD33C44C60}.Debug|ARM64.ActiveCfg = Debug|Any CPU
		{4D9302C8-26EE-4909-9E66-65CD33C44C60}.Debug|x64.ActiveCfg = Debug|Any CPU
		{4D9302C8-26EE-4909-9E66-65CD33C44C60}.Debug|x86.ActiveCfg = Debug|Any CPU
		{4D9302C8-26EE-4909-9E66-65CD33C44C60}.Release|Any CPU.ActiveCfg = Release|Any CPU
		{4D9302C8-26EE-4909-9E66-65CD33C44C60}.Release|Any CPU.Build.0 = Release|Any CPU
		{4D9302C8-26EE-4909-9E66-65CD33C44C60}.Release|ARM.ActiveCfg = Release|Any CPU
		{4D9302C8-26EE-4909-9E66-65CD33C44C60}.Release|ARM64.ActiveCfg = Release|Any CPU
		{4D9302C8-26EE-4909-9E66-65CD33C44C60}.Release|x64.ActiveCfg = Release|Any CPU
		{4D9302C8-26EE-4909-9E66-65CD33C44C60}.Release|x86.ActiveCfg = Release|Any CPU
		{3FB03A55-5E4A-43F2-9BFA-CC0A3048A740}.Debug|Any CPU.ActiveCfg = Debug|Any CPU
		{3FB03A55-5E4A-43F2-9BFA-CC0A3048A740}.Debug|Any CPU.Build.0 = Debug|Any CPU
		{3FB03A55-5E4A-43F2-9BFA-CC0A3048A740}.Debug|ARM.ActiveCfg = Debug|Any CPU
		{3FB03A55-5E4A-43F2-9BFA-CC0A3048A740}.Debug|ARM64.ActiveCfg = Debug|Any CPU
		{3FB03A55-5E4A-43F2-9BFA-CC0A3048A740}.Debug|x64.ActiveCfg = Debug|Any CPU
		{3FB03A55-5E4A-43F2-9BFA-CC0A3048A740}.Debug|x86.ActiveCfg = Debug|Any CPU
		{3FB03A55-5E4A-43F2-9BFA-CC0A3048A740}.Release|Any CPU.ActiveCfg = Release|Any CPU
		{3FB03A55-5E4A-43F2-9BFA-CC0A3048A740}.Release|Any CPU.Build.0 = Release|Any CPU
		{3FB03A55-5E4A-43F2-9BFA-CC0A3048A740}.Release|ARM.ActiveCfg = Release|Any CPU
		{3FB03A55-5E4A-43F2-9BFA-CC0A3048A740}.Release|ARM64.ActiveCfg = Release|Any CPU
		{3FB03A55-5E4A-43F2-9BFA-CC0A3048A740}.Release|x64.ActiveCfg = Release|Any CPU
		{3FB03A55-5E4A-43F2-9BFA-CC0A3048A740}.Release|x86.ActiveCfg = Release|Any CPU
		{82415138-9E3A-44BA-A7FA-D88A1E6D6E85}.Debug|Any CPU.ActiveCfg = Debug|Any CPU
		{82415138-9E3A-44BA-A7FA-D88A1E6D6E85}.Debug|Any CPU.Build.0 = Debug|Any CPU
		{82415138-9E3A-44BA-A7FA-D88A1E6D6E85}.Debug|ARM.ActiveCfg = Debug|Any CPU
		{82415138-9E3A-44BA-A7FA-D88A1E6D6E85}.Debug|ARM64.ActiveCfg = Debug|Any CPU
		{82415138-9E3A-44BA-A7FA-D88A1E6D6E85}.Debug|x64.ActiveCfg = Debug|Any CPU
		{82415138-9E3A-44BA-A7FA-D88A1E6D6E85}.Debug|x86.ActiveCfg = Debug|Any CPU
		{82415138-9E3A-44BA-A7FA-D88A1E6D6E85}.Release|Any CPU.ActiveCfg = Release|Any CPU
		{82415138-9E3A-44BA-A7FA-D88A1E6D6E85}.Release|Any CPU.Build.0 = Release|Any CPU
		{82415138-9E3A-44BA-A7FA-D88A1E6D6E85}.Release|ARM.ActiveCfg = Release|Any CPU
		{82415138-9E3A-44BA-A7FA-D88A1E6D6E85}.Release|ARM64.ActiveCfg = Release|Any CPU
		{82415138-9E3A-44BA-A7FA-D88A1E6D6E85}.Release|x64.ActiveCfg = Release|Any CPU
		{82415138-9E3A-44BA-A7FA-D88A1E6D6E85}.Release|x86.ActiveCfg = Release|Any CPU
		{E4DAB5CB-387E-4B92-A430-5BD0597A85BC}.Debug|Any CPU.ActiveCfg = Debug|Any CPU
		{E4DAB5CB-387E-4B92-A430-5BD0597A85BC}.Debug|Any CPU.Build.0 = Debug|Any CPU
		{E4DAB5CB-387E-4B92-A430-5BD0597A85BC}.Debug|ARM.ActiveCfg = Debug|Any CPU
		{E4DAB5CB-387E-4B92-A430-5BD0597A85BC}.Debug|ARM.Build.0 = Debug|Any CPU
		{E4DAB5CB-387E-4B92-A430-5BD0597A85BC}.Debug|ARM64.ActiveCfg = Debug|Any CPU
		{E4DAB5CB-387E-4B92-A430-5BD0597A85BC}.Debug|ARM64.Build.0 = Debug|Any CPU
		{E4DAB5CB-387E-4B92-A430-5BD0597A85BC}.Debug|x64.ActiveCfg = Debug|Any CPU
		{E4DAB5CB-387E-4B92-A430-5BD0597A85BC}.Debug|x64.Build.0 = Debug|Any CPU
		{E4DAB5CB-387E-4B92-A430-5BD0597A85BC}.Debug|x86.ActiveCfg = Debug|Any CPU
		{E4DAB5CB-387E-4B92-A430-5BD0597A85BC}.Debug|x86.Build.0 = Debug|Any CPU
		{E4DAB5CB-387E-4B92-A430-5BD0597A85BC}.Release|Any CPU.ActiveCfg = Release|Any CPU
		{E4DAB5CB-387E-4B92-A430-5BD0597A85BC}.Release|Any CPU.Build.0 = Release|Any CPU
		{E4DAB5CB-387E-4B92-A430-5BD0597A85BC}.Release|ARM.ActiveCfg = Release|Any CPU
		{E4DAB5CB-387E-4B92-A430-5BD0597A85BC}.Release|ARM.Build.0 = Release|Any CPU
		{E4DAB5CB-387E-4B92-A430-5BD0597A85BC}.Release|ARM64.ActiveCfg = Release|Any CPU
		{E4DAB5CB-387E-4B92-A430-5BD0597A85BC}.Release|ARM64.Build.0 = Release|Any CPU
		{E4DAB5CB-387E-4B92-A430-5BD0597A85BC}.Release|x64.ActiveCfg = Release|Any CPU
		{E4DAB5CB-387E-4B92-A430-5BD0597A85BC}.Release|x64.Build.0 = Release|Any CPU
		{E4DAB5CB-387E-4B92-A430-5BD0597A85BC}.Release|x86.ActiveCfg = Release|Any CPU
		{E4DAB5CB-387E-4B92-A430-5BD0597A85BC}.Release|x86.Build.0 = Release|Any CPU
		{6082CC08-95E2-411D-A95A-DBC0CDAC3EBB}.Debug|Any CPU.ActiveCfg = Debug|Any CPU
		{6082CC08-95E2-411D-A95A-DBC0CDAC3EBB}.Debug|Any CPU.Build.0 = Debug|Any CPU
		{6082CC08-95E2-411D-A95A-DBC0CDAC3EBB}.Debug|ARM.ActiveCfg = Debug|Any CPU
		{6082CC08-95E2-411D-A95A-DBC0CDAC3EBB}.Debug|ARM.Build.0 = Debug|Any CPU
		{6082CC08-95E2-411D-A95A-DBC0CDAC3EBB}.Debug|ARM64.ActiveCfg = Debug|Any CPU
		{6082CC08-95E2-411D-A95A-DBC0CDAC3EBB}.Debug|ARM64.Build.0 = Debug|Any CPU
		{6082CC08-95E2-411D-A95A-DBC0CDAC3EBB}.Debug|x64.ActiveCfg = Debug|Any CPU
		{6082CC08-95E2-411D-A95A-DBC0CDAC3EBB}.Debug|x64.Build.0 = Debug|Any CPU
		{6082CC08-95E2-411D-A95A-DBC0CDAC3EBB}.Debug|x86.ActiveCfg = Debug|Any CPU
		{6082CC08-95E2-411D-A95A-DBC0CDAC3EBB}.Debug|x86.Build.0 = Debug|Any CPU
		{6082CC08-95E2-411D-A95A-DBC0CDAC3EBB}.Release|Any CPU.ActiveCfg = Release|Any CPU
		{6082CC08-95E2-411D-A95A-DBC0CDAC3EBB}.Release|Any CPU.Build.0 = Release|Any CPU
		{6082CC08-95E2-411D-A95A-DBC0CDAC3EBB}.Release|ARM.ActiveCfg = Release|Any CPU
		{6082CC08-95E2-411D-A95A-DBC0CDAC3EBB}.Release|ARM.Build.0 = Release|Any CPU
		{6082CC08-95E2-411D-A95A-DBC0CDAC3EBB}.Release|ARM64.ActiveCfg = Release|Any CPU
		{6082CC08-95E2-411D-A95A-DBC0CDAC3EBB}.Release|ARM64.Build.0 = Release|Any CPU
		{6082CC08-95E2-411D-A95A-DBC0CDAC3EBB}.Release|x64.ActiveCfg = Release|Any CPU
		{6082CC08-95E2-411D-A95A-DBC0CDAC3EBB}.Release|x64.Build.0 = Release|Any CPU
		{6082CC08-95E2-411D-A95A-DBC0CDAC3EBB}.Release|x86.ActiveCfg = Release|Any CPU
		{6082CC08-95E2-411D-A95A-DBC0CDAC3EBB}.Release|x86.Build.0 = Release|Any CPU
		{436A2CB5-B769-46D0-BF81-1585B2AF6670}.Debug|Any CPU.ActiveCfg = Debug|Any CPU
		{436A2CB5-B769-46D0-BF81-1585B2AF6670}.Debug|Any CPU.Build.0 = Debug|Any CPU
		{436A2CB5-B769-46D0-BF81-1585B2AF6670}.Debug|ARM.ActiveCfg = Debug|Any CPU
		{436A2CB5-B769-46D0-BF81-1585B2AF6670}.Debug|ARM.Build.0 = Debug|Any CPU
		{436A2CB5-B769-46D0-BF81-1585B2AF6670}.Debug|ARM64.ActiveCfg = Debug|Any CPU
		{436A2CB5-B769-46D0-BF81-1585B2AF6670}.Debug|ARM64.Build.0 = Debug|Any CPU
		{436A2CB5-B769-46D0-BF81-1585B2AF6670}.Debug|x64.ActiveCfg = Debug|Any CPU
		{436A2CB5-B769-46D0-BF81-1585B2AF6670}.Debug|x64.Build.0 = Debug|Any CPU
		{436A2CB5-B769-46D0-BF81-1585B2AF6670}.Debug|x86.ActiveCfg = Debug|Any CPU
		{436A2CB5-B769-46D0-BF81-1585B2AF6670}.Debug|x86.Build.0 = Debug|Any CPU
		{436A2CB5-B769-46D0-BF81-1585B2AF6670}.Release|Any CPU.ActiveCfg = Release|Any CPU
		{436A2CB5-B769-46D0-BF81-1585B2AF6670}.Release|Any CPU.Build.0 = Release|Any CPU
		{436A2CB5-B769-46D0-BF81-1585B2AF6670}.Release|ARM.ActiveCfg = Release|Any CPU
		{436A2CB5-B769-46D0-BF81-1585B2AF6670}.Release|ARM.Build.0 = Release|Any CPU
		{436A2CB5-B769-46D0-BF81-1585B2AF6670}.Release|ARM64.ActiveCfg = Release|Any CPU
		{436A2CB5-B769-46D0-BF81-1585B2AF6670}.Release|ARM64.Build.0 = Release|Any CPU
		{436A2CB5-B769-46D0-BF81-1585B2AF6670}.Release|x64.ActiveCfg = Release|Any CPU
		{436A2CB5-B769-46D0-BF81-1585B2AF6670}.Release|x64.Build.0 = Release|Any CPU
		{436A2CB5-B769-46D0-BF81-1585B2AF6670}.Release|x86.ActiveCfg = Release|Any CPU
		{436A2CB5-B769-46D0-BF81-1585B2AF6670}.Release|x86.Build.0 = Release|Any CPU
		{B1524CBC-C5C3-4B77-9C8F-E517860C1669}.Debug|Any CPU.ActiveCfg = Debug|Any CPU
		{B1524CBC-C5C3-4B77-9C8F-E517860C1669}.Debug|Any CPU.Build.0 = Debug|Any CPU
		{B1524CBC-C5C3-4B77-9C8F-E517860C1669}.Debug|ARM.ActiveCfg = Debug|Any CPU
		{B1524CBC-C5C3-4B77-9C8F-E517860C1669}.Debug|ARM.Build.0 = Debug|Any CPU
		{B1524CBC-C5C3-4B77-9C8F-E517860C1669}.Debug|ARM64.ActiveCfg = Debug|Any CPU
		{B1524CBC-C5C3-4B77-9C8F-E517860C1669}.Debug|ARM64.Build.0 = Debug|Any CPU
		{B1524CBC-C5C3-4B77-9C8F-E517860C1669}.Debug|x64.ActiveCfg = Debug|Any CPU
		{B1524CBC-C5C3-4B77-9C8F-E517860C1669}.Debug|x64.Build.0 = Debug|Any CPU
		{B1524CBC-C5C3-4B77-9C8F-E517860C1669}.Debug|x86.ActiveCfg = Debug|Any CPU
		{B1524CBC-C5C3-4B77-9C8F-E517860C1669}.Debug|x86.Build.0 = Debug|Any CPU
		{B1524CBC-C5C3-4B77-9C8F-E517860C1669}.Release|Any CPU.ActiveCfg = Release|Any CPU
		{B1524CBC-C5C3-4B77-9C8F-E517860C1669}.Release|Any CPU.Build.0 = Release|Any CPU
		{B1524CBC-C5C3-4B77-9C8F-E517860C1669}.Release|ARM.ActiveCfg = Release|Any CPU
		{B1524CBC-C5C3-4B77-9C8F-E517860C1669}.Release|ARM.Build.0 = Release|Any CPU
		{B1524CBC-C5C3-4B77-9C8F-E517860C1669}.Release|ARM64.ActiveCfg = Release|Any CPU
		{B1524CBC-C5C3-4B77-9C8F-E517860C1669}.Release|ARM64.Build.0 = Release|Any CPU
		{B1524CBC-C5C3-4B77-9C8F-E517860C1669}.Release|x64.ActiveCfg = Release|Any CPU
		{B1524CBC-C5C3-4B77-9C8F-E517860C1669}.Release|x64.Build.0 = Release|Any CPU
		{B1524CBC-C5C3-4B77-9C8F-E517860C1669}.Release|x86.ActiveCfg = Release|Any CPU
		{B1524CBC-C5C3-4B77-9C8F-E517860C1669}.Release|x86.Build.0 = Release|Any CPU
		{FD898581-6FB9-43DC-AF32-CE8FF356A5DE}.Debug|Any CPU.ActiveCfg = Debug|Any CPU
		{FD898581-6FB9-43DC-AF32-CE8FF356A5DE}.Debug|Any CPU.Build.0 = Debug|Any CPU
		{FD898581-6FB9-43DC-AF32-CE8FF356A5DE}.Debug|ARM.ActiveCfg = Debug|Any CPU
		{FD898581-6FB9-43DC-AF32-CE8FF356A5DE}.Debug|ARM.Build.0 = Debug|Any CPU
		{FD898581-6FB9-43DC-AF32-CE8FF356A5DE}.Debug|ARM64.ActiveCfg = Debug|Any CPU
		{FD898581-6FB9-43DC-AF32-CE8FF356A5DE}.Debug|ARM64.Build.0 = Debug|Any CPU
		{FD898581-6FB9-43DC-AF32-CE8FF356A5DE}.Debug|x64.ActiveCfg = Debug|Any CPU
		{FD898581-6FB9-43DC-AF32-CE8FF356A5DE}.Debug|x64.Build.0 = Debug|Any CPU
		{FD898581-6FB9-43DC-AF32-CE8FF356A5DE}.Debug|x86.ActiveCfg = Debug|Any CPU
		{FD898581-6FB9-43DC-AF32-CE8FF356A5DE}.Debug|x86.Build.0 = Debug|Any CPU
		{FD898581-6FB9-43DC-AF32-CE8FF356A5DE}.Release|Any CPU.ActiveCfg = Release|Any CPU
		{FD898581-6FB9-43DC-AF32-CE8FF356A5DE}.Release|Any CPU.Build.0 = Release|Any CPU
		{FD898581-6FB9-43DC-AF32-CE8FF356A5DE}.Release|ARM.ActiveCfg = Release|Any CPU
		{FD898581-6FB9-43DC-AF32-CE8FF356A5DE}.Release|ARM.Build.0 = Release|Any CPU
		{FD898581-6FB9-43DC-AF32-CE8FF356A5DE}.Release|ARM64.ActiveCfg = Release|Any CPU
		{FD898581-6FB9-43DC-AF32-CE8FF356A5DE}.Release|ARM64.Build.0 = Release|Any CPU
		{FD898581-6FB9-43DC-AF32-CE8FF356A5DE}.Release|x64.ActiveCfg = Release|Any CPU
		{FD898581-6FB9-43DC-AF32-CE8FF356A5DE}.Release|x64.Build.0 = Release|Any CPU
		{FD898581-6FB9-43DC-AF32-CE8FF356A5DE}.Release|x86.ActiveCfg = Release|Any CPU
		{FD898581-6FB9-43DC-AF32-CE8FF356A5DE}.Release|x86.Build.0 = Release|Any CPU
		{41555B65-A87F-427C-B317-2C618C1AF177}.Debug|Any CPU.ActiveCfg = Debug|Any CPU
		{41555B65-A87F-427C-B317-2C618C1AF177}.Debug|Any CPU.Build.0 = Debug|Any CPU
		{41555B65-A87F-427C-B317-2C618C1AF177}.Debug|ARM.ActiveCfg = Debug|Any CPU
		{41555B65-A87F-427C-B317-2C618C1AF177}.Debug|ARM.Build.0 = Debug|Any CPU
		{41555B65-A87F-427C-B317-2C618C1AF177}.Debug|ARM64.ActiveCfg = Debug|Any CPU
		{41555B65-A87F-427C-B317-2C618C1AF177}.Debug|ARM64.Build.0 = Debug|Any CPU
		{41555B65-A87F-427C-B317-2C618C1AF177}.Debug|x64.ActiveCfg = Debug|Any CPU
		{41555B65-A87F-427C-B317-2C618C1AF177}.Debug|x64.Build.0 = Debug|Any CPU
		{41555B65-A87F-427C-B317-2C618C1AF177}.Debug|x86.ActiveCfg = Debug|Any CPU
		{41555B65-A87F-427C-B317-2C618C1AF177}.Debug|x86.Build.0 = Debug|Any CPU
		{41555B65-A87F-427C-B317-2C618C1AF177}.Release|Any CPU.ActiveCfg = Release|Any CPU
		{41555B65-A87F-427C-B317-2C618C1AF177}.Release|Any CPU.Build.0 = Release|Any CPU
		{41555B65-A87F-427C-B317-2C618C1AF177}.Release|ARM.ActiveCfg = Release|Any CPU
		{41555B65-A87F-427C-B317-2C618C1AF177}.Release|ARM.Build.0 = Release|Any CPU
		{41555B65-A87F-427C-B317-2C618C1AF177}.Release|ARM64.ActiveCfg = Release|Any CPU
		{41555B65-A87F-427C-B317-2C618C1AF177}.Release|ARM64.Build.0 = Release|Any CPU
		{41555B65-A87F-427C-B317-2C618C1AF177}.Release|x64.ActiveCfg = Release|Any CPU
		{41555B65-A87F-427C-B317-2C618C1AF177}.Release|x64.Build.0 = Release|Any CPU
		{41555B65-A87F-427C-B317-2C618C1AF177}.Release|x86.ActiveCfg = Release|Any CPU
		{41555B65-A87F-427C-B317-2C618C1AF177}.Release|x86.Build.0 = Release|Any CPU
		{1797F203-76CB-4DE8-95D7-548EBA2CC32A}.Debug|Any CPU.ActiveCfg = Debug|Any CPU
		{1797F203-76CB-4DE8-95D7-548EBA2CC32A}.Debug|Any CPU.Build.0 = Debug|Any CPU
		{1797F203-76CB-4DE8-95D7-548EBA2CC32A}.Debug|ARM.ActiveCfg = Debug|Any CPU
		{1797F203-76CB-4DE8-95D7-548EBA2CC32A}.Debug|ARM.Build.0 = Debug|Any CPU
		{1797F203-76CB-4DE8-95D7-548EBA2CC32A}.Debug|ARM64.ActiveCfg = Debug|Any CPU
		{1797F203-76CB-4DE8-95D7-548EBA2CC32A}.Debug|ARM64.Build.0 = Debug|Any CPU
		{1797F203-76CB-4DE8-95D7-548EBA2CC32A}.Debug|x64.ActiveCfg = Debug|Any CPU
		{1797F203-76CB-4DE8-95D7-548EBA2CC32A}.Debug|x64.Build.0 = Debug|Any CPU
		{1797F203-76CB-4DE8-95D7-548EBA2CC32A}.Debug|x86.ActiveCfg = Debug|Any CPU
		{1797F203-76CB-4DE8-95D7-548EBA2CC32A}.Debug|x86.Build.0 = Debug|Any CPU
		{1797F203-76CB-4DE8-95D7-548EBA2CC32A}.Release|Any CPU.ActiveCfg = Release|Any CPU
		{1797F203-76CB-4DE8-95D7-548EBA2CC32A}.Release|Any CPU.Build.0 = Release|Any CPU
		{1797F203-76CB-4DE8-95D7-548EBA2CC32A}.Release|ARM.ActiveCfg = Release|Any CPU
		{1797F203-76CB-4DE8-95D7-548EBA2CC32A}.Release|ARM.Build.0 = Release|Any CPU
		{1797F203-76CB-4DE8-95D7-548EBA2CC32A}.Release|ARM64.ActiveCfg = Release|Any CPU
		{1797F203-76CB-4DE8-95D7-548EBA2CC32A}.Release|ARM64.Build.0 = Release|Any CPU
		{1797F203-76CB-4DE8-95D7-548EBA2CC32A}.Release|x64.ActiveCfg = Release|Any CPU
		{1797F203-76CB-4DE8-95D7-548EBA2CC32A}.Release|x64.Build.0 = Release|Any CPU
		{1797F203-76CB-4DE8-95D7-548EBA2CC32A}.Release|x86.ActiveCfg = Release|Any CPU
		{1797F203-76CB-4DE8-95D7-548EBA2CC32A}.Release|x86.Build.0 = Release|Any CPU
		{E7020C97-EB11-4C84-8D5B-24602150F59E}.Debug|Any CPU.ActiveCfg = Debug|x86
		{E7020C97-EB11-4C84-8D5B-24602150F59E}.Debug|ARM.ActiveCfg = Debug|ARM
		{E7020C97-EB11-4C84-8D5B-24602150F59E}.Debug|ARM.Build.0 = Debug|ARM
		{E7020C97-EB11-4C84-8D5B-24602150F59E}.Debug|ARM.Deploy.0 = Debug|ARM
		{E7020C97-EB11-4C84-8D5B-24602150F59E}.Debug|ARM64.ActiveCfg = Debug|ARM64
		{E7020C97-EB11-4C84-8D5B-24602150F59E}.Debug|ARM64.Build.0 = Debug|ARM64
		{E7020C97-EB11-4C84-8D5B-24602150F59E}.Debug|ARM64.Deploy.0 = Debug|ARM64
		{E7020C97-EB11-4C84-8D5B-24602150F59E}.Debug|x64.ActiveCfg = Debug|x64
		{E7020C97-EB11-4C84-8D5B-24602150F59E}.Debug|x64.Build.0 = Debug|x64
		{E7020C97-EB11-4C84-8D5B-24602150F59E}.Debug|x64.Deploy.0 = Debug|x64
		{E7020C97-EB11-4C84-8D5B-24602150F59E}.Debug|x86.ActiveCfg = Debug|x86
		{E7020C97-EB11-4C84-8D5B-24602150F59E}.Debug|x86.Build.0 = Debug|x86
		{E7020C97-EB11-4C84-8D5B-24602150F59E}.Debug|x86.Deploy.0 = Debug|x86
		{E7020C97-EB11-4C84-8D5B-24602150F59E}.Release|Any CPU.ActiveCfg = Release|x86
		{E7020C97-EB11-4C84-8D5B-24602150F59E}.Release|ARM.ActiveCfg = Release|ARM
		{E7020C97-EB11-4C84-8D5B-24602150F59E}.Release|ARM.Build.0 = Release|ARM
		{E7020C97-EB11-4C84-8D5B-24602150F59E}.Release|ARM.Deploy.0 = Release|ARM
		{E7020C97-EB11-4C84-8D5B-24602150F59E}.Release|ARM64.ActiveCfg = Release|ARM64
		{E7020C97-EB11-4C84-8D5B-24602150F59E}.Release|ARM64.Build.0 = Release|ARM64
		{E7020C97-EB11-4C84-8D5B-24602150F59E}.Release|ARM64.Deploy.0 = Release|ARM64
		{E7020C97-EB11-4C84-8D5B-24602150F59E}.Release|x64.ActiveCfg = Release|x64
		{E7020C97-EB11-4C84-8D5B-24602150F59E}.Release|x64.Build.0 = Release|x64
		{E7020C97-EB11-4C84-8D5B-24602150F59E}.Release|x64.Deploy.0 = Release|x64
		{E7020C97-EB11-4C84-8D5B-24602150F59E}.Release|x86.ActiveCfg = Release|x86
		{E7020C97-EB11-4C84-8D5B-24602150F59E}.Release|x86.Build.0 = Release|x86
		{E7020C97-EB11-4C84-8D5B-24602150F59E}.Release|x86.Deploy.0 = Release|x86
		{8737E41A-ACCF-4354-8328-620F89742AE7}.Debug|Any CPU.ActiveCfg = Debug|Any CPU
		{8737E41A-ACCF-4354-8328-620F89742AE7}.Debug|Any CPU.Build.0 = Debug|Any CPU
		{8737E41A-ACCF-4354-8328-620F89742AE7}.Debug|ARM.ActiveCfg = Debug|Any CPU
		{8737E41A-ACCF-4354-8328-620F89742AE7}.Debug|ARM.Build.0 = Debug|Any CPU
		{8737E41A-ACCF-4354-8328-620F89742AE7}.Debug|ARM64.ActiveCfg = Debug|Any CPU
		{8737E41A-ACCF-4354-8328-620F89742AE7}.Debug|ARM64.Build.0 = Debug|Any CPU
		{8737E41A-ACCF-4354-8328-620F89742AE7}.Debug|x64.ActiveCfg = Debug|Any CPU
		{8737E41A-ACCF-4354-8328-620F89742AE7}.Debug|x64.Build.0 = Debug|Any CPU
		{8737E41A-ACCF-4354-8328-620F89742AE7}.Debug|x86.ActiveCfg = Debug|Any CPU
		{8737E41A-ACCF-4354-8328-620F89742AE7}.Debug|x86.Build.0 = Debug|Any CPU
		{8737E41A-ACCF-4354-8328-620F89742AE7}.Release|Any CPU.ActiveCfg = Release|Any CPU
		{8737E41A-ACCF-4354-8328-620F89742AE7}.Release|Any CPU.Build.0 = Release|Any CPU
		{8737E41A-ACCF-4354-8328-620F89742AE7}.Release|ARM.ActiveCfg = Release|Any CPU
		{8737E41A-ACCF-4354-8328-620F89742AE7}.Release|ARM.Build.0 = Release|Any CPU
		{8737E41A-ACCF-4354-8328-620F89742AE7}.Release|ARM64.ActiveCfg = Release|Any CPU
		{8737E41A-ACCF-4354-8328-620F89742AE7}.Release|ARM64.Build.0 = Release|Any CPU
		{8737E41A-ACCF-4354-8328-620F89742AE7}.Release|x64.ActiveCfg = Release|Any CPU
		{8737E41A-ACCF-4354-8328-620F89742AE7}.Release|x64.Build.0 = Release|Any CPU
		{8737E41A-ACCF-4354-8328-620F89742AE7}.Release|x86.ActiveCfg = Release|Any CPU
		{8737E41A-ACCF-4354-8328-620F89742AE7}.Release|x86.Build.0 = Release|Any CPU
	EndGlobalSection
	GlobalSection(SolutionProperties) = preSolution
		HideSolutionNode = FALSE
	EndGlobalSection
	GlobalSection(ExtensibilityGlobals) = postSolution
		SolutionGuid = {9522F758-F8BA-4D25-8220-B88277F1F43B}
	EndGlobalSection
EndGlobal
